
Microsoft Visual Studio Solution File, Format Version 12.00
Project("{FAE04EC0-301F-11D3-BF4B-00C04F79EFBC}") = "SimpleFactoryPOC", "SimpleFactoryPOC\SimpleFactoryPOC.csproj", "{F8CA1D97-3AA2-476B-ABAD-1CEB83F33F30}"
EndProject
Project("{FAE04EC0-301F-11D3-BF4B-00C04F79EFBC}") = "FactoryMethodPOC", "FactoryMethodPOC\FactoryMethodPOC.csproj", "{05B60526-B435-4B97-A8BF-B62E2C33D3CF}"
EndProject
Project("{FAE04EC0-301F-11D3-BF4B-00C04F79EFBC}") = "AbstractFactoryPOC", "AbstractFactoryPOC\AbstractFactoryPOC.csproj", "{D71F2078-A958-4919-99C1-1069F79D372B}"
EndProject
Project("{FAE04EC0-301F-11D3-BF4B-00C04F79EFBC}") = "FacadePOC", "FacadePOC\FacadePOC.csproj", "{3292DDB7-99C4-4400-A97A-8FDA49469DB4}"
EndProject
Global
	GlobalSection(SolutionConfigurationPlatforms) = preSolution
		Debug|Any CPU = Debug|Any CPU
		Release|Any CPU = Release|Any CPU
	EndGlobalSection
	GlobalSection(ProjectConfigurationPlatforms) = postSolution
		{F8CA1D97-3AA2-476B-ABAD-1CEB83F33F30}.Debug|Any CPU.ActiveCfg = Debug|Any CPU
		{F8CA1D97-3AA2-476B-ABAD-1CEB83F33F30}.Debug|Any CPU.Build.0 = Debug|Any CPU
		{F8CA1D97-3AA2-476B-ABAD-1CEB83F33F30}.Release|Any CPU.ActiveCfg = Release|Any CPU
		{F8CA1D97-3AA2-476B-ABAD-1CEB83F33F30}.Release|Any CPU.Build.0 = Release|Any CPU
		{05B60526-B435-4B97-A8BF-B62E2C33D3CF}.Debug|Any CPU.ActiveCfg = Debug|Any CPU
		{05B60526-B435-4B97-A8BF-B62E2C33D3CF}.Debug|Any CPU.Build.0 = Debug|Any CPU
		{05B60526-B435-4B97-A8BF-B62E2C33D3CF}.Release|Any CPU.ActiveCfg = Release|Any CPU
		{05B60526-B435-4B97-A8BF-B62E2C33D3CF}.Release|Any CPU.Build.0 = Release|Any CPU
		{D71F2078-A958-4919-99C1-1069F79D372B}.Debug|Any CPU.ActiveCfg = Debug|Any CPU
		{D71F2078-A958-4919-99C1-1069F79D372B}.Debug|Any CPU.Build.0 = Debug|Any CPU
		{D71F2078-A958-4919-99C1-1069F79D372B}.Release|Any CPU.ActiveCfg = Release|Any CPU
		{D71F2078-A958-4919-99C1-1069F79D372B}.Release|Any CPU.Build.0 = Release|Any CPU
		{3292DDB7-99C4-4400-A97A-8FDA49469DB4}.Debug|Any CPU.ActiveCfg = Debug|Any CPU
		{3292DDB7-99C4-4400-A97A-8FDA49469DB4}.Debug|Any CPU.Build.0 = Debug|Any CPU
		{3292DDB7-99C4-4400-A97A-8FDA49469DB4}.Release|Any CPU.ActiveCfg = Release|Any CPU
		{3292DDB7-99C4-4400-A97A-8FDA49469DB4}.Release|Any CPU.Build.0 = Release|Any CPU
	EndGlobalSection
EndGlobal
